// !$*UTF8*$!
{
	archiveVersion = 1;
	classes = {
	};
	objectVersion = 48;
	objects = {

/* Begin PBXBuildFile section */
		43954D9B1FCCA24A00B5547E /* LocalDatetime.h in Headers */ = {isa = PBXBuildFile; fileRef = 43954D991FCCA24A00B5547E /* LocalDatetime.h */; };
		43954D9C1FCCA24A00B5547E /* LocalDatetime.c in Sources */ = {isa = PBXBuildFile; fileRef = 43954D9A1FCCA24A00B5547E /* LocalDatetime.c */; };
		439750741FCCDDB100120430 /* libUltimateDatetimeDLL.dylib in Frameworks */ = {isa = PBXBuildFile; fileRef = 43954D9F1FCCA5BD00B5547E /* libUltimateDatetimeDLL.dylib */; };
/* End PBXBuildFile section */

/* Begin PBXFileReference section */
		4318719C1FCCD2D10091A35C /* libUltimateDatetimeDLL.dylib */ = {isa = PBXFileReference; lastKnownFileType = "compiled.mach-o.dylib"; name = libUltimateDatetimeDLL.dylib; path = ../UltimateDatetimeDLL/Debug/libUltimateDatetimeDLL.dylib; sourceTree = "<group>"; };
		43954D991FCCA24A00B5547E /* LocalDatetime.h */ = {isa = PBXFileReference; fileEncoding = 4; lastKnownFileType = sourcecode.c.h; path = LocalDatetime.h; sourceTree = "<group>"; };
		43954D9A1FCCA24A00B5547E /* LocalDatetime.c */ = {isa = PBXFileReference; fileEncoding = 4; lastKnownFileType = sourcecode.c.c; path = LocalDatetime.c; sourceTree = "<group>"; };
		43954D9F1FCCA5BD00B5547E /* libUltimateDatetimeDLL.dylib */ = {isa = PBXFileReference; explicitFileType = "compiled.mach-o.dylib"; path = libUltimateDatetimeDLL.dylib; sourceTree = BUILT_PRODUCTS_DIR; };
		43E047301FCB96860084EC7C /* libLocalDatetimeDLL.dylib */ = {isa = PBXFileReference; explicitFileType = "compiled.mach-o.dylib"; includeInIndex = 0; path = libLocalDatetimeDLL.dylib; sourceTree = BUILT_PRODUCTS_DIR; };
/* End PBXFileReference section */

/* Begin PBXFrameworksBuildPhase section */
		43E0472D1FCB96860084EC7C /* Frameworks */ = {
			isa = PBXFrameworksBuildPhase;
			buildActionMask = 2147483647;
			files = (
				439750741FCCDDB100120430 /* libUltimateDatetimeDLL.dylib in Frameworks */,
			);
			runOnlyForDeploymentPostprocessing = 0;
		};
/* End PBXFrameworksBuildPhase section */

/* Begin PBXGroup section */
		43954D9D1FCCA5BD00B5547E /* Frameworks */ = {
			isa = PBXGroup;
			children = (
				4318719C1FCCD2D10091A35C /* libUltimateDatetimeDLL.dylib */,
				43954D9F1FCCA5BD00B5547E /* libUltimateDatetimeDLL.dylib */,
			);
			name = Frameworks;
			sourceTree = "<group>";
		};
		43E047271FCB96860084EC7C = {
			isa = PBXGroup;
			children = (
				43954D9A1FCCA24A00B5547E /* LocalDatetime.c */,
				43954D991FCCA24A00B5547E /* LocalDatetime.h */,
				43E047311FCB96860084EC7C /* Products */,
				43954D9D1FCCA5BD00B5547E /* Frameworks */,
			);
			sourceTree = "<group>";
		};
		43E047311FCB96860084EC7C /* Products */ = {
			isa = PBXGroup;
			children = (
				43E047301FCB96860084EC7C /* libLocalDatetimeDLL.dylib */,
			);
			name = Products;
			sourceTree = "<group>";
		};
/* End PBXGroup section */

/* Begin PBXHeadersBuildPhase section */
		43E0472E1FCB96860084EC7C /* Headers */ = {
			isa = PBXHeadersBuildPhase;
			buildActionMask = 2147483647;
			files = (
				43954D9B1FCCA24A00B5547E /* LocalDatetime.h in Headers */,
			);
			runOnlyForDeploymentPostprocessing = 0;
		};
/* End PBXHeadersBuildPhase section */

/* Begin PBXNativeTarget section */
		43E0472F1FCB96860084EC7C /* LocalDatetimeDLL */ = {
			isa = PBXNativeTarget;
			buildConfigurationList = 43E047341FCB96860084EC7C /* Build configuration list for PBXNativeTarget "LocalDatetimeDLL" */;
			buildPhases = (
				43E0472C1FCB96860084EC7C /* Sources */,
				43E0472D1FCB96860084EC7C /* Frameworks */,
				43E0472E1FCB96860084EC7C /* Headers */,
			);
			buildRules = (
			);
			dependencies = (
			);
			name = LocalDatetimeDLL;
			productName = LocalDatetimeDLL;
			productReference = 43E047301FCB96860084EC7C /* libLocalDatetimeDLL.dylib */;
			productType = "com.apple.product-type.library.dynamic";
		};
/* End PBXNativeTarget section */

/* Begin PBXProject section */
		43E047281FCB96860084EC7C /* Project object */ = {
			isa = PBXProject;
			attributes = {
				LastUpgradeCheck = 0910;
				ORGANIZATIONNAME = "On-the-Graph";
				TargetAttributes = {
					43E0472F1FCB96860084EC7C = {
						CreatedOnToolsVersion = 9.1;
						ProvisioningStyle = Automatic;
					};
				};
			};
			buildConfigurationList = 43E0472B1FCB96860084EC7C /* Build configuration list for PBXProject "LocalDatetimeDLL" */;
			compatibilityVersion = "Xcode 8.0";
			developmentRegion = en;
			hasScannedForEncodings = 0;
			knownRegions = (
				en,
			);
			mainGroup = 43E047271FCB96860084EC7C;
			productRefGroup = 43E047311FCB96860084EC7C /* Products */;
			projectDirPath = "";
			projectRoot = "";
			targets = (
				43E0472F1FCB96860084EC7C /* LocalDatetimeDLL */,
			);
		};
/* End PBXProject section */

/* Begin PBXSourcesBuildPhase section */
		43E0472C1FCB96860084EC7C /* Sources */ = {
			isa = PBXSourcesBuildPhase;
			buildActionMask = 2147483647;
			files = (
				43954D9C1FCCA24A00B5547E /* LocalDatetime.c in Sources */,
			);
			runOnlyForDeploymentPostprocessing = 0;
		};
/* End PBXSourcesBuildPhase section */

/* Begin XCBuildConfiguration section */
		43E047321FCB96860084EC7C /* Debug */ = {
			isa = XCBuildConfiguration;
			buildSettings = {
				ALWAYS_SEARCH_USER_PATHS = NO;
				CLANG_ANALYZER_NONNULL = YES;
				CLANG_ANALYZER_NUMBER_OBJECT_CONVERSION = YES_AGGRESSIVE;
				CLANG_CXX_LANGUAGE_STANDARD = "gnu++14";
				CLANG_CXX_LIBRARY = "libc++";
				CLANG_ENABLE_MODULES = YES;
				CLANG_ENABLE_OBJC_ARC = YES;
				CLANG_WARN_BLOCK_CAPTURE_AUTORELEASING = YES;
				CLANG_WARN_BOOL_CONVERSION = YES;
				CLANG_WARN_COMMA = YES;
				CLANG_WARN_CONSTANT_CONVERSION = YES;
				CLANG_WARN_DIRECT_OBJC_ISA_USAGE = YES_ERROR;
				CLANG_WARN_DOCUMENTATION_COMMENTS = YES;
				CLANG_WARN_EMPTY_BODY = YES;
				CLANG_WARN_ENUM_CONVERSION = YES;
				CLANG_WARN_INFINITE_RECURSION = YES;
				CLANG_WARN_INT_CONVERSION = YES;
				CLANG_WARN_NON_LITERAL_NULL_CONVERSION = YES;
				CLANG_WARN_OBJC_LITERAL_CONVERSION = YES;
				CLANG_WARN_OBJC_ROOT_CLASS = YES_ERROR;
				CLANG_WARN_RANGE_LOOP_ANALYSIS = YES;
				CLANG_WARN_STRICT_PROTOTYPES = YES;
				CLANG_WARN_SUSPICIOUS_MOVE = YES;
				CLANG_WARN_UNGUARDED_AVAILABILITY = YES_AGGRESSIVE;
				CLANG_WARN_UNREACHABLE_CODE = YES;
				CLANG_WARN__DUPLICATE_METHOD_MATCH = YES;
				CODE_SIGN_IDENTITY = "-";
				COPY_PHASE_STRIP = NO;
				DEBUG_INFORMATION_FORMAT = dwarf;
				ENABLE_STRICT_OBJC_MSGSEND = YES;
				ENABLE_TESTABILITY = YES;
				GCC_C_LANGUAGE_STANDARD = gnu11;
				GCC_DYNAMIC_NO_PIC = NO;
				GCC_NO_COMMON_BLOCKS = YES;
				GCC_OPTIMIZATION_LEVEL = 0;
				GCC_PREPROCESSOR_DEFINITIONS = (
					"DEBUG=1",
					"$(inherited)",
				);
				GCC_WARN_64_TO_32_BIT_CONVERSION = YES;
				GCC_WARN_ABOUT_RETURN_TYPE = YES_ERROR;
				GCC_WARN_UNDECLARED_SELECTOR = YES;
				GCC_WARN_UNINITIALIZED_AUTOS = YES_AGGRESSIVE;
				GCC_WARN_UNUSED_FUNCTION = YES;
				GCC_WARN_UNUSED_VARIABLE = YES;
				MACOSX_DEPLOYMENT_TARGET = 10.12;
				MTL_ENABLE_DEBUG_INFO = YES;
				ONLY_ACTIVE_ARCH = YES;
				SDKROOT = macosx;
			};
			name = Debug;
		};
		43E047331FCB96860084EC7C /* Release */ = {
			isa = XCBuildConfiguration;
			buildSettings = {
				ALWAYS_SEARCH_USER_PATHS = NO;
				CLANG_ANALYZER_NONNULL = YES;
				CLANG_ANALYZER_NUMBER_OBJECT_CONVERSION = YES_AGGRESSIVE;
				CLANG_CXX_LANGUAGE_STANDARD = "gnu++14";
				CLANG_CXX_LIBRARY = "libc++";
				CLANG_ENABLE_MODULES = YES;
				CLANG_ENABLE_OBJC_ARC = YES;
				CLANG_WARN_BLOCK_CAPTURE_AUTORELEASING = YES;
				CLANG_WARN_BOOL_CONVERSION = YES;
				CLANG_WARN_COMMA = YES;
				CLANG_WARN_CONSTANT_CONVERSION = YES;
				CLANG_WARN_DIRECT_OBJC_ISA_USAGE = YES_ERROR;
				CLANG_WARN_DOCUMENTATION_COMMENTS = YES;
				CLANG_WARN_EMPTY_BODY = YES;
				CLANG_WARN_ENUM_CONVERSION = YES;
				CLANG_WARN_INFINITE_RECURSION = YES;
				CLANG_WARN_INT_CONVERSION = YES;
				CLANG_WARN_NON_LITERAL_NULL_CONVERSION = YES;
				CLANG_WARN_OBJC_LITERAL_CONVERSION = YES;
				CLANG_WARN_OBJC_ROOT_CLASS = YES_ERROR;
				CLANG_WARN_RANGE_LOOP_ANALYSIS = YES;
				CLANG_WARN_STRICT_PROTOTYPES = YES;
				CLANG_WARN_SUSPICIOUS_MOVE = YES;
				CLANG_WARN_UNGUARDED_AVAILABILITY = YES_AGGRESSIVE;
				CLANG_WARN_UNREACHABLE_CODE = YES;
				CLANG_WARN__DUPLICATE_METHOD_MATCH = YES;
				CODE_SIGN_IDENTITY = "-";
				COPY_PHASE_STRIP = NO;
				DEBUG_INFORMATION_FORMAT = "dwarf-with-dsym";
				ENABLE_NS_ASSERTIONS = NO;
				ENABLE_STRICT_OBJC_MSGSEND = YES;
				GCC_C_LANGUAGE_STANDARD = gnu11;
				GCC_NO_COMMON_BLOCKS = YES;
				GCC_WARN_64_TO_32_BIT_CONVERSION = YES;
				GCC_WARN_ABOUT_RETURN_TYPE = YES_ERROR;
				GCC_WARN_UNDECLARED_SELECTOR = YES;
				GCC_WARN_UNINITIALIZED_AUTOS = YES_AGGRESSIVE;
				GCC_WARN_UNUSED_FUNCTION = YES;
				GCC_WARN_UNUSED_VARIABLE = YES;
				MACOSX_DEPLOYMENT_TARGET = 10.12;
				MTL_ENABLE_DEBUG_INFO = NO;
				SDKROOT = macosx;
			};
			name = Release;
		};
		43E047351FCB96860084EC7C /* Debug */ = {
			isa = XCBuildConfiguration;
			buildSettings = {
				CODE_SIGN_STYLE = Automatic;
				DYLIB_COMPATIBILITY_VERSION = 1;
				DYLIB_CURRENT_VERSION = 1;
				EXECUTABLE_PREFIX = lib;
				PRODUCT_NAME = "$(TARGET_NAME)";
			};
			name = Debug;
		};
		43E047361FCB96860084EC7C /* Release */ = {
			isa = XCBuildConfiguration;
			buildSettings = {
				CODE_SIGN_STYLE = Automatic;
				DYLIB_COMPATIBILITY_VERSION = 1;
				DYLIB_CURRENT_VERSION = 1;
				EXECUTABLE_PREFIX = lib;
				PRODUCT_NAME = "$(TARGET_NAME)";
			};
			name = Release;
		};
/* End XCBuildConfiguration section */

/* Begin XCConfigurationList section */
		43E0472B1FCB96860084EC7C /* Build configuration list for PBXProject "LocalDatetimeDLL" */ = {
			isa = XCConfigurationList;
			buildConfigurations = (
				43E047321FCB96860084EC7C /* Debug */,
				43E047331FCB96860084EC7C /* Release */,
			);
			defaultConfigurationIsVisible = 0;
			defaultConfigurationName = Release;
		};
		43E047341FCB96860084EC7C /* Build configuration list for PBXNativeTarget "LocalDatetimeDLL" */ = {
			isa = XCConfigurationList;
			buildConfigurations = (
				43E047351FCB96860084EC7C /* Debug */,
				43E047361FCB96860084EC7C /* Release */,
			);
			defaultConfigurationIsVisible = 0;
			defaultConfigurationName = Release;
		};
/* End XCConfigurationList section */
	};
	rootObject = 43E047281FCB96860084EC7C /* Project object */;
}
