<?xml version="1.0" encoding="utf-8"?>
<Project ToolsVersion="4.0" xmlns="http://schemas.microsoft.com/developer/msbuild/2003">
  <ItemGroup>
    <Filter Include="Source Files">
      <UniqueIdentifier>{4FC737F1-C7A5-4376-A066-2A32D752A2FF}</UniqueIdentifier>
      <Extensions>cpp;c;cc;cxx;def;odl;idl;hpj;bat;asm;asmx</Extensions>
    </Filter>
    <Filter Include="Header Files">
      <UniqueIdentifier>{93995380-89BD-4b04-88EB-625FBE52EBFB}</UniqueIdentifier>
      <Extensions>h;hpp;hxx;hm;inl;inc;xsd</Extensions>
    </Filter>
    <Filter Include="Resource Files">
      <UniqueIdentifier>{67DA6AB6-F800-4c08-8B7A-83BB121AAD01}</UniqueIdentifier>
      <Extensions>rc;ico;cur;bmp;dlg;rc2;rct;bin;rgs;gif;jpg;jpeg;jpe;resx;tiff;tif;png;wav;mfcribbon-ms</Extensions>
    </Filter>
  </ItemGroup>
  <ItemGroup>
    <ClCompile Include="main.c">
      <Filter>Source Files</Filter>
    </ClCompile>
  </ItemGroup>
  <ItemGroup>
    <None Include="Configuration Notes.txt">
      <Filter>Resource Files</Filter>
    </None>
    <None Include="datetimetest.input">
      <Filter>Resource Files</Filter>
    </None>
    <None Include="datetimetest.output">
      <Filter>Resource Files</Filter>
    </None>
    <None Include="timezoneperiods.output">
      <Filter>Resource Files</Filter>
    </None>
    <None Include="..\..\Julia Integration\TZFileReader.jl">
      <Filter>Resource Files</Filter>
    </None>
    <None Include="..\..\Julia Integration\UltimateDT.jl">
      <Filter>Resource Files</Filter>
    </None>
    <None Include="..\..\Documents\Approximate operators.docx">
      <Filter>Resource Files</Filter>
    </None>
    <None Include="..\..\Documents\Calendar changes.docx">
      <Filter>Resource Files</Filter>
    </None>
    <None Include="..\..\Documents\Comparison operators for values with uncertainties.xlsx">
      <Filter>Resource Files</Filter>
    </None>
    <None Include="..\..\Documents\Construction of Time Zones.docx">
      <Filter>Resource Files</Filter>
    </None>
    <None Include="..\..\Documents\Datetime and Related Data Types.docx">
      <Filter>Resource Files</Filter>
    </None>
    <None Include="..\..\Documents\Implementation of upgrades for UTCDatetime and TAIRelDatetime creation.xlsx">
      <Filter>Resource Files</Filter>
    </None>
    <None Include="..\..\Documents\Mapping of Negative Years to BCE Years.xlsx">
      <Filter>Resource Files</Filter>
    </None>
    <None Include="..\..\Documents\Offset Definitions and Calculations.xlsx">
      <Filter>Resource Files</Filter>
    </None>
    <None Include="..\..\Documents\Strategy for Converting Local Datetimes to UTC Datetimes.docx">
      <Filter>Resource Files</Filter>
    </None>
    <None Include="..\..\Documents\Tasks.docx">
      <Filter>Resource Files</Filter>
    </None>
    <None Include="..\..\Documents\Tenets of Precision and Uncertainty.docx">
      <Filter>Resource Files</Filter>
    </None>
    <None Include="..\..\Documents\Time parameters.xlsx">
      <Filter>Resource Files</Filter>
    </None>
    <None Include="..\..\Documents\Uncertainty Limits vs Precision.xlsx">
      <Filter>Resource Files</Filter>
    </None>
    <None Include="..\..\Documents\Upgrading Atom and Julia from 0-6 to 0-7.docx">
      <Filter>Resource Files</Filter>
    </None>
    <None Include="..\..\Documents\Upgrading from Julia 0-6 to 0-7 or 1-0.docx">
      <Filter>Resource Files</Filter>
    </None>
  </ItemGroup>
  <ItemGroup>
    <Text Include="..\..\Documents\Configuration Notes.txt">
      <Filter>Resource Files</Filter>
    </Text>
  </ItemGroup>
</Project>